{
  "name": "ringsideradar-data",
  "lockfileVersion": 3,
  "requires": true,
  "packages": {
    "": {
      "name": "ringsideradar-data",
      "devDependencies": {
        "cities.json": "^1.1.0"
      }
    },
    "node_modules/cities.json": {
      "version": "1.1.65",
      "resolved": "https://registry.npmjs.org/cities.json/-/cities.json-1.1.65.tgz",
      "integrity": "sha512-V3BR0kpwFG0OA5Pvsc5sF1/ENtKyweeFIDhyRIoF8p7UTZWxbfiyHXzpy/v0TxYZOHgD4ykXGWVHqUt56IwDFg==",
      "dev": true,
      "license": "CC-BY-4.0"
    }
  }
}
